// !$*UTF8*$!
{
	archiveVersion = 1;
	classes = {
	};
	objectVersion = 55;
	objects = {

/* Begin PBXBuildFile section */
		4125082A273717A100990E24 /* TDDCalculatorApp.swift in Sources */ = {isa = PBXBuildFile; fileRef = 41250829273717A100990E24 /* TDDCalculatorApp.swift */; };
		4125082C273717A100990E24 /* ContentView.swift in Sources */ = {isa = PBXBuildFile; fileRef = 4125082B273717A100990E24 /* ContentView.swift */; };
		4125082E273717A300990E24 /* Assets.xcassets in Resources */ = {isa = PBXBuildFile; fileRef = 4125082D273717A300990E24 /* Assets.xcassets */; };
		41250831273717A300990E24 /* Preview Assets.xcassets in Resources */ = {isa = PBXBuildFile; fileRef = 41250830273717A300990E24 /* Preview Assets.xcassets */; };
		4125083E2737181300990E24 /* TDDCalculatorUITests.swift in Sources */ = {isa = PBXBuildFile; fileRef = 4125083D2737181300990E24 /* TDDCalculatorUITests.swift */; };
		4125084D273721B700990E24 /* TDDCalculatorTests.swift in Sources */ = {isa = PBXBuildFile; fileRef = 4125084C273721B700990E24 /* TDDCalculatorTests.swift */; };
		412508542737247F00990E24 /* CalculatorViewModel.swift in Sources */ = {isa = PBXBuildFile; fileRef = 412508532737247F00990E24 /* CalculatorViewModel.swift */; };
		41B3905E27375DC700F719AE /* TDD ContentView.swift in Sources */ = {isa = PBXBuildFile; fileRef = 41B3905D27375DC700F719AE /* TDD ContentView.swift */; };
		41B3906027375E1700F719AE /* DisplayView.swift in Sources */ = {isa = PBXBuildFile; fileRef = 41B3905F27375E1700F719AE /* DisplayView.swift */; };
		41B3906227375E4800F719AE /* TDD DisplayView.swift in Sources */ = {isa = PBXBuildFile; fileRef = 41B3906127375E4800F719AE /* TDD DisplayView.swift */; };
/* End PBXBuildFile section */

/* Begin PBXContainerItemProxy section */
		412508412737181300990E24 /* PBXContainerItemProxy */ = {
			isa = PBXContainerItemProxy;
			containerPortal = 4125081E273717A100990E24 /* Project object */;
			proxyType = 1;
			remoteGlobalIDString = 41250825273717A100990E24;
			remoteInfo = TDDCalculator;
		};
		4125084E273721B700990E24 /* PBXContainerItemProxy */ = {
			isa = PBXContainerItemProxy;
			containerPortal = 4125081E273717A100990E24 /* Project object */;
			proxyType = 1;
			remoteGlobalIDString = 41250825273717A100990E24;
			remoteInfo = TDDCalculator;
		};
/* End PBXContainerItemProxy section */

/* Begin PBXFileReference section */
		41250826273717A100990E24 /* TDDCalculator.app */ = {isa = PBXFileReference; explicitFileType = wrapper.application; includeInIndex = 0; path = TDDCalculator.app; sourceTree = BUILT_PRODUCTS_DIR; };
		41250829273717A100990E24 /* TDDCalculatorApp.swift */ = {isa = PBXFileReference; lastKnownFileType = sourcecode.swift; path = TDDCalculatorApp.swift; sourceTree = "<group>"; };
		4125082B273717A100990E24 /* ContentView.swift */ = {isa = PBXFileReference; lastKnownFileType = sourcecode.swift; path = ContentView.swift; sourceTree = "<group>"; };
		4125082D273717A300990E24 /* Assets.xcassets */ = {isa = PBXFileReference; lastKnownFileType = folder.assetcatalog; path = Assets.xcassets; sourceTree = "<group>"; };
		41250830273717A300990E24 /* Preview Assets.xcassets */ = {isa = PBXFileReference; lastKnownFileType = folder.assetcatalog; path = "Preview Assets.xcassets"; sourceTree = "<group>"; };
		4125083B2737181300990E24 /* TDDCalculatorUITests.xctest */ = {isa = PBXFileReference; explicitFileType = wrapper.cfbundle; includeInIndex = 0; path = TDDCalculatorUITests.xctest; sourceTree = BUILT_PRODUCTS_DIR; };
		4125083D2737181300990E24 /* TDDCalculatorUITests.swift */ = {isa = PBXFileReference; lastKnownFileType = sourcecode.swift; path = TDDCalculatorUITests.swift; sourceTree = "<group>"; };
		4125084A273721B700990E24 /* TDDCalculatorTests.xctest */ = {isa = PBXFileReference; explicitFileType = wrapper.cfbundle; includeInIndex = 0; path = TDDCalculatorTests.xctest; sourceTree = BUILT_PRODUCTS_DIR; };
		4125084C273721B700990E24 /* TDDCalculatorTests.swift */ = {isa = PBXFileReference; lastKnownFileType = sourcecode.swift; path = TDDCalculatorTests.swift; sourceTree = "<group>"; };
		412508532737247F00990E24 /* CalculatorViewModel.swift */ = {isa = PBXFileReference; lastKnownFileType = sourcecode.swift; path = CalculatorViewModel.swift; sourceTree = "<group>"; };
		41B3905D27375DC700F719AE /* TDD ContentView.swift */ = {isa = PBXFileReference; explicitFileType = text; path = "TDD ContentView.swift"; sourceTree = "<group>"; };
		41B3905F27375E1700F719AE /* DisplayView.swift */ = {isa = PBXFileReference; lastKnownFileType = sourcecode.swift; path = DisplayView.swift; sourceTree = "<group>"; };
		41B3906127375E4800F719AE /* TDD DisplayView.swift */ = {isa = PBXFileReference; explicitFileType = text; path = "TDD DisplayView.swift"; sourceTree = "<group>"; };
		41EF815D27374955008384DA /* TDDUITests Calculate.swift */ = {isa = PBXFileReference; explicitFileType = text; path = "TDDUITests Calculate.swift"; sourceTree = "<group>"; };
		41EF815F27374A64008384DA /* TDDUITests.swift */ = {isa = PBXFileReference; explicitFileType = text; path = TDDUITests.swift; sourceTree = "<group>"; };
		41EF816027374AB7008384DA /* TDDUnitCalculate.swift */ = {isa = PBXFileReference; explicitFileType = text; path = TDDUnitCalculate.swift; sourceTree = "<group>"; };
		41EF816127374AFE008384DA /* TDDUnitTests.swift */ = {isa = PBXFileReference; explicitFileType = text; path = TDDUnitTests.swift; sourceTree = "<group>"; };
		41EF816327374B3F008384DA /* TDDCalculatorViewModelStart.swift */ = {isa = PBXFileReference; explicitFileType = text; path = TDDCalculatorViewModelStart.swift; sourceTree = "<group>"; };
		41EF816527374BBA008384DA /* TDDCalculatorViewModelCalculate.swift */ = {isa = PBXFileReference; explicitFileType = text; path = TDDCalculatorViewModelCalculate.swift; sourceTree = "<group>"; };
		41EF816727374BFF008384DA /* TDDUnitTestsStart.swift */ = {isa = PBXFileReference; explicitFileType = text; path = TDDUnitTestsStart.swift; sourceTree = "<group>"; };
		41EF816927374C49008384DA /* TDDUITestsStart.swift */ = {isa = PBXFileReference; explicitFileType = text; path = TDDUITestsStart.swift; sourceTree = "<group>"; };
/* End PBXFileReference section */

/* Begin PBXFrameworksBuildPhase section */
		41250823273717A100990E24 /* Frameworks */ = {
			isa = PBXFrameworksBuildPhase;
			buildActionMask = 2147483647;
			files = (
			);
			runOnlyForDeploymentPostprocessing = 0;
		};
		412508382737181300990E24 /* Frameworks */ = {
			isa = PBXFrameworksBuildPhase;
			buildActionMask = 2147483647;
			files = (
			);
			runOnlyForDeploymentPostprocessing = 0;
		};
		41250847273721B700990E24 /* Frameworks */ = {
			isa = PBXFrameworksBuildPhase;
			buildActionMask = 2147483647;
			files = (
			);
			runOnlyForDeploymentPostprocessing = 0;
		};
/* End PBXFrameworksBuildPhase section */

/* Begin PBXGroup section */
		4125081D273717A100990E24 = {
			isa = PBXGroup;
			children = (
				41250828273717A100990E24 /* TDDCalculator */,
				4125083C2737181300990E24 /* TDDCalculatorUITests */,
				4125084B273721B700990E24 /* TDDCalculatorTests */,
				41250827273717A100990E24 /* Products */,
			);
			sourceTree = "<group>";
		};
		41250827273717A100990E24 /* Products */ = {
			isa = PBXGroup;
			children = (
				41250826273717A100990E24 /* TDDCalculator.app */,
				4125083B2737181300990E24 /* TDDCalculatorUITests.xctest */,
				4125084A273721B700990E24 /* TDDCalculatorTests.xctest */,
			);
			name = Products;
			sourceTree = "<group>";
		};
		41250828273717A100990E24 /* TDDCalculator */ = {
			isa = PBXGroup;
			children = (
				41250829273717A100990E24 /* TDDCalculatorApp.swift */,
				4125082B273717A100990E24 /* ContentView.swift */,
				4125082D273717A300990E24 /* Assets.xcassets */,
				4125082F273717A300990E24 /* Preview Content */,
				412508532737247F00990E24 /* CalculatorViewModel.swift */,
				41B3905F27375E1700F719AE /* DisplayView.swift */,
				41EF815C27374926008384DA /* Gists */,
			);
			path = TDDCalculator;
			sourceTree = "<group>";
		};
		4125082F273717A300990E24 /* Preview Content */ = {
			isa = PBXGroup;
			children = (
				41250830273717A300990E24 /* Preview Assets.xcassets */,
			);
			path = "Preview Content";
			sourceTree = "<group>";
		};
		4125083C2737181300990E24 /* TDDCalculatorUITests */ = {
			isa = PBXGroup;
			children = (
				4125083D2737181300990E24 /* TDDCalculatorUITests.swift */,
			);
			path = TDDCalculatorUITests;
			sourceTree = "<group>";
		};
		4125084B273721B700990E24 /* TDDCalculatorTests */ = {
			isa = PBXGroup;
			children = (
				4125084C273721B700990E24 /* TDDCalculatorTests.swift */,
			);
			path = TDDCalculatorTests;
			sourceTree = "<group>";
		};
		41EF815C27374926008384DA /* Gists */ = {
			isa = PBXGroup;
			children = (
				41EF815D27374955008384DA /* TDDUITests Calculate.swift */,
				41EF815F27374A64008384DA /* TDDUITests.swift */,
				41EF816027374AB7008384DA /* TDDUnitCalculate.swift */,
				41EF816127374AFE008384DA /* TDDUnitTests.swift */,
				41EF816327374B3F008384DA /* TDDCalculatorViewModelStart.swift */,
				41EF816527374BBA008384DA /* TDDCalculatorViewModelCalculate.swift */,
				41EF816727374BFF008384DA /* TDDUnitTestsStart.swift */,
				41EF816927374C49008384DA /* TDDUITestsStart.swift */,
				41B3905D27375DC700F719AE /* TDD ContentView.swift */,
				41B3906127375E4800F719AE /* TDD DisplayView.swift */,
			);
			path = Gists;
			sourceTree = "<group>";
		};
/* End PBXGroup section */

/* Begin PBXNativeTarget section */
		41250825273717A100990E24 /* TDDCalculator */ = {
			isa = PBXNativeTarget;
			buildConfigurationList = 41250834273717A300990E24 /* Build configuration list for PBXNativeTarget "TDDCalculator" */;
			buildPhases = (
				41250822273717A100990E24 /* Sources */,
				41250823273717A100990E24 /* Frameworks */,
				41250824273717A100990E24 /* Resources */,
			);
			buildRules = (
			);
			dependencies = (
			);
			name = TDDCalculator;
			productName = TDDCalculator;
			productReference = 41250826273717A100990E24 /* TDDCalculator.app */;
			productType = "com.apple.product-type.application";
		};
		4125083A2737181300990E24 /* TDDCalculatorUITests */ = {
			isa = PBXNativeTarget;
			buildConfigurationList = 412508432737181300990E24 /* Build configuration list for PBXNativeTarget "TDDCalculatorUITests" */;
			buildPhases = (
				412508372737181300990E24 /* Sources */,
				412508382737181300990E24 /* Frameworks */,
				412508392737181300990E24 /* Resources */,
			);
			buildRules = (
			);
			dependencies = (
				412508422737181300990E24 /* PBXTargetDependency */,
			);
			name = TDDCalculatorUITests;
			productName = TDDCalculatorUITests;
			productReference = 4125083B2737181300990E24 /* TDDCalculatorUITests.xctest */;
			productType = "com.apple.product-type.bundle.ui-testing";
		};
		41250849273721B700990E24 /* TDDCalculatorTests */ = {
			isa = PBXNativeTarget;
			buildConfigurationList = 41250850273721B700990E24 /* Build configuration list for PBXNativeTarget "TDDCalculatorTests" */;
			buildPhases = (
				41250846273721B700990E24 /* Sources */,
				41250847273721B700990E24 /* Frameworks */,
				41250848273721B700990E24 /* Resources */,
			);
			buildRules = (
			);
			dependencies = (
				4125084F273721B700990E24 /* PBXTargetDependency */,
			);
			name = TDDCalculatorTests;
			productName = TDDCalculatorTests;
			productReference = 4125084A273721B700990E24 /* TDDCalculatorTests.xctest */;
			productType = "com.apple.product-type.bundle.unit-test";
		};
/* End PBXNativeTarget section */

/* Begin PBXProject section */
		4125081E273717A100990E24 /* Project object */ = {
			isa = PBXProject;
			attributes = {
				BuildIndependentTargetsInParallel = 1;
				LastSwiftUpdateCheck = 1310;
				LastUpgradeCheck = 1310;
				TargetAttributes = {
					41250825273717A100990E24 = {
						CreatedOnToolsVersion = 13.1;
					};
					4125083A2737181300990E24 = {
						CreatedOnToolsVersion = 13.1;
						TestTargetID = 41250825273717A100990E24;
					};
					41250849273721B700990E24 = {
						CreatedOnToolsVersion = 13.1;
						TestTargetID = 41250825273717A100990E24;
					};
				};
			};
			buildConfigurationList = 41250821273717A100990E24 /* Build configuration list for PBXProject "TDDCalculator" */;
			compatibilityVersion = "Xcode 13.0";
			developmentRegion = en;
			hasScannedForEncodings = 0;
			knownRegions = (
				en,
				Base,
			);
			mainGroup = 4125081D273717A100990E24;
			productRefGroup = 41250827273717A100990E24 /* Products */;
			projectDirPath = "";
			projectRoot = "";
			targets = (
				41250825273717A100990E24 /* TDDCalculator */,
				4125083A2737181300990E24 /* TDDCalculatorUITests */,
				41250849273721B700990E24 /* TDDCalculatorTests */,
			);
		};
/* End PBXProject section */

/* Begin PBXResourcesBuildPhase section */
		41250824273717A100990E24 /* Resources */ = {
			isa = PBXResourcesBuildPhase;
			buildActionMask = 2147483647;
			files = (
				41250831273717A300990E24 /* Preview Assets.xcassets in Resources */,
				4125082E273717A300990E24 /* Assets.xcassets in Resources */,
			);
			runOnlyForDeploymentPostprocessing = 0;
		};
		412508392737181300990E24 /* Resources */ = {
			isa = PBXResourcesBuildPhase;
			buildActionMask = 2147483647;
			files = (
			);
			runOnlyForDeploymentPostprocessing = 0;
		};
		41250848273721B700990E24 /* Resources */ = {
			isa = PBXResourcesBuildPhase;
			buildActionMask = 2147483647;
			files = (
			);
			runOnlyForDeploymentPostprocessing = 0;
		};
/* End PBXResourcesBuildPhase section */

/* Begin PBXSourcesBuildPhase section */
		41250822273717A100990E24 /* Sources */ = {
			isa = PBXSourcesBuildPhase;
			buildActionMask = 2147483647;
			files = (
				4125082C273717A100990E24 /* ContentView.swift in Sources */,
				412508542737247F00990E24 /* CalculatorViewModel.swift in Sources */,
				41B3905E27375DC700F719AE /* TDD ContentView.swift in Sources */,
				41B3906027375E1700F719AE /* DisplayView.swift in Sources */,
				4125082A273717A100990E24 /* TDDCalculatorApp.swift in Sources */,
				41B3906227375E4800F719AE /* TDD DisplayView.swift in Sources */,
			);
			runOnlyForDeploymentPostprocessing = 0;
		};
		412508372737181300990E24 /* Sources */ = {
			isa = PBXSourcesBuildPhase;
			buildActionMask = 2147483647;
			files = (
				4125083E2737181300990E24 /* TDDCalculatorUITests.swift in Sources */,
			);
			runOnlyForDeploymentPostprocessing = 0;
		};
		41250846273721B700990E24 /* Sources */ = {
			isa = PBXSourcesBuildPhase;
			buildActionMask = 2147483647;
			files = (
				4125084D273721B700990E24 /* TDDCalculatorTests.swift in Sources */,
			);
			runOnlyForDeploymentPostprocessing = 0;
		};
/* End PBXSourcesBuildPhase section */

/* Begin PBXTargetDependency section */
		412508422737181300990E24 /* PBXTargetDependency */ = {
			isa = PBXTargetDependency;
			target = 41250825273717A100990E24 /* TDDCalculator */;
			targetProxy = 412508412737181300990E24 /* PBXContainerItemProxy */;
		};
		4125084F273721B700990E24 /* PBXTargetDependency */ = {
			isa = PBXTargetDependency;
			target = 41250825273717A100990E24 /* TDDCalculator */;
			targetProxy = 4125084E273721B700990E24 /* PBXContainerItemProxy */;
		};
/* End PBXTargetDependency section */

/* Begin XCBuildConfiguration section */
		41250832273717A300990E24 /* Debug */ = {
			isa = XCBuildConfiguration;
			buildSettings = {
				ALWAYS_SEARCH_USER_PATHS = NO;
				CLANG_ANALYZER_NONNULL = YES;
				CLANG_ANALYZER_NUMBER_OBJECT_CONVERSION = YES_AGGRESSIVE;
				CLANG_CXX_LANGUAGE_STANDARD = "gnu++17";
				CLANG_CXX_LIBRARY = "libc++";
				CLANG_ENABLE_MODULES = YES;
				CLANG_ENABLE_OBJC_ARC = YES;
				CLANG_ENABLE_OBJC_WEAK = YES;
				CLANG_WARN_BLOCK_CAPTURE_AUTORELEASING = YES;
				CLANG_WARN_BOOL_CONVERSION = YES;
				CLANG_WARN_COMMA = YES;
				CLANG_WARN_CONSTANT_CONVERSION = YES;
				CLANG_WARN_DEPRECATED_OBJC_IMPLEMENTATIONS = YES;
				CLANG_WARN_DIRECT_OBJC_ISA_USAGE = YES_ERROR;
				CLANG_WARN_DOCUMENTATION_COMMENTS = YES;
				CLANG_WARN_EMPTY_BODY = YES;
				CLANG_WARN_ENUM_CONVERSION = YES;
				CLANG_WARN_INFINITE_RECURSION = YES;
				CLANG_WARN_INT_CONVERSION = YES;
				CLANG_WARN_NON_LITERAL_NULL_CONVERSION = YES;
				CLANG_WARN_OBJC_IMPLICIT_RETAIN_SELF = YES;
				CLANG_WARN_OBJC_LITERAL_CONVERSION = YES;
				CLANG_WARN_OBJC_ROOT_CLASS = YES_ERROR;
				CLANG_WARN_QUOTED_INCLUDE_IN_FRAMEWORK_HEADER = YES;
				CLANG_WARN_RANGE_LOOP_ANALYSIS = YES;
				CLANG_WARN_STRICT_PROTOTYPES = YES;
				CLANG_WARN_SUSPICIOUS_MOVE = YES;
				CLANG_WARN_UNGUARDED_AVAILABILITY = YES_AGGRESSIVE;
				CLANG_WARN_UNREACHABLE_CODE = YES;
				CLANG_WARN__DUPLICATE_METHOD_MATCH = YES;
				COPY_PHASE_STRIP = NO;
				DEBUG_INFORMATION_FORMAT = dwarf;
				ENABLE_STRICT_OBJC_MSGSEND = YES;
				ENABLE_TESTABILITY = YES;
				GCC_C_LANGUAGE_STANDARD = gnu11;
				GCC_DYNAMIC_NO_PIC = NO;
				GCC_NO_COMMON_BLOCKS = YES;
				GCC_OPTIMIZATION_LEVEL = 0;
				GCC_PREPROCESSOR_DEFINITIONS = (
					"DEBUG=1",
					"$(inherited)",
				);
				GCC_WARN_64_TO_32_BIT_CONVERSION = YES;
				GCC_WARN_ABOUT_RETURN_TYPE = YES_ERROR;
				GCC_WARN_UNDECLARED_SELECTOR = YES;
				GCC_WARN_UNINITIALIZED_AUTOS = YES_AGGRESSIVE;
				GCC_WARN_UNUSED_FUNCTION = YES;
				GCC_WARN_UNUSED_VARIABLE = YES;
				IPHONEOS_DEPLOYMENT_TARGET = 15.0;
				MTL_ENABLE_DEBUG_INFO = INCLUDE_SOURCE;
				MTL_FAST_MATH = YES;
				ONLY_ACTIVE_ARCH = YES;
				SDKROOT = iphoneos;
				SWIFT_ACTIVE_COMPILATION_CONDITIONS = DEBUG;
				SWIFT_OPTIMIZATION_LEVEL = "-Onone";
			};
			name = Debug;
		};
		41250833273717A300990E24 /* Release */ = {
			isa = XCBuildConfiguration;
			buildSettings = {
				ALWAYS_SEARCH_USER_PATHS = NO;
				CLANG_ANALYZER_NONNULL = YES;
				CLANG_ANALYZER_NUMBER_OBJECT_CONVERSION = YES_AGGRESSIVE;
				CLANG_CXX_LANGUAGE_STANDARD = "gnu++17";
				CLANG_CXX_LIBRARY = "libc++";
				CLANG_ENABLE_MODULES = YES;
				CLANG_ENABLE_OBJC_ARC = YES;
				CLANG_ENABLE_OBJC_WEAK = YES;
				CLANG_WARN_BLOCK_CAPTURE_AUTORELEASING = YES;
				CLANG_WARN_BOOL_CONVERSION = YES;
				CLANG_WARN_COMMA = YES;
				CLANG_WARN_CONSTANT_CONVERSION = YES;
				CLANG_WARN_DEPRECATED_OBJC_IMPLEMENTATIONS = YES;
				CLANG_WARN_DIRECT_OBJC_ISA_USAGE = YES_ERROR;
				CLANG_WARN_DOCUMENTATION_COMMENTS = YES;
				CLANG_WARN_EMPTY_BODY = YES;
				CLANG_WARN_ENUM_CONVERSION = YES;
				CLANG_WARN_INFINITE_RECURSION = YES;
				CLANG_WARN_INT_CONVERSION = YES;
				CLANG_WARN_NON_LITERAL_NULL_CONVERSION = YES;
				CLANG_WARN_OBJC_IMPLICIT_RETAIN_SELF = YES;
				CLANG_WARN_OBJC_LITERAL_CONVERSION = YES;
				CLANG_WARN_OBJC_ROOT_CLASS = YES_ERROR;
				CLANG_WARN_QUOTED_INCLUDE_IN_FRAMEWORK_HEADER = YES;
				CLANG_WARN_RANGE_LOOP_ANALYSIS = YES;
				CLANG_WARN_STRICT_PROTOTYPES = YES;
				CLANG_WARN_SUSPICIOUS_MOVE = YES;
				CLANG_WARN_UNGUARDED_AVAILABILITY = YES_AGGRESSIVE;
				CLANG_WARN_UNREACHABLE_CODE = YES;
				CLANG_WARN__DUPLICATE_METHOD_MATCH = YES;
				COPY_PHASE_STRIP = NO;
				DEBUG_INFORMATION_FORMAT = "dwarf-with-dsym";
				ENABLE_NS_ASSERTIONS = NO;
				ENABLE_STRICT_OBJC_MSGSEND = YES;
				GCC_C_LANGUAGE_STANDARD = gnu11;
				GCC_NO_COMMON_BLOCKS = YES;
				GCC_WARN_64_TO_32_BIT_CONVERSION = YES;
				GCC_WARN_ABOUT_RETURN_TYPE = YES_ERROR;
				GCC_WARN_UNDECLARED_SELECTOR = YES;
				GCC_WARN_UNINITIALIZED_AUTOS = YES_AGGRESSIVE;
				GCC_WARN_UNUSED_FUNCTION = YES;
				GCC_WARN_UNUSED_VARIABLE = YES;
				IPHONEOS_DEPLOYMENT_TARGET = 15.0;
				MTL_ENABLE_DEBUG_INFO = NO;
				MTL_FAST_MATH = YES;
				SDKROOT = iphoneos;
				SWIFT_COMPILATION_MODE = wholemodule;
				SWIFT_OPTIMIZATION_LEVEL = "-O";
				VALIDATE_PRODUCT = YES;
			};
			name = Release;
		};
		41250835273717A300990E24 /* Debug */ = {
			isa = XCBuildConfiguration;
			buildSettings = {
				ASSETCATALOG_COMPILER_APPICON_NAME = AppIcon;
				ASSETCATALOG_COMPILER_GLOBAL_ACCENT_COLOR_NAME = AccentColor;
				CODE_SIGN_STYLE = Automatic;
				CURRENT_PROJECT_VERSION = 1;
				DEVELOPMENT_ASSET_PATHS = "\"TDDCalculator/Preview Content\"";
				DEVELOPMENT_TEAM = G3J2MVF9M9;
				ENABLE_PREVIEWS = YES;
				GENERATE_INFOPLIST_FILE = YES;
				INFOPLIST_KEY_UIApplicationSceneManifest_Generation = YES;
				INFOPLIST_KEY_UIApplicationSupportsIndirectInputEvents = YES;
				INFOPLIST_KEY_UILaunchScreen_Generation = YES;
				INFOPLIST_KEY_UISupportedInterfaceOrientations_iPad = "UIInterfaceOrientationPortrait UIInterfaceOrientationPortraitUpsideDown UIInterfaceOrientationLandscapeLeft UIInterfaceOrientationLandscapeRight";
				INFOPLIST_KEY_UISupportedInterfaceOrientations_iPhone = "UIInterfaceOrientationPortrait UIInterfaceOrientationLandscapeLeft UIInterfaceOrientationLandscapeRight";
				LD_RUNPATH_SEARCH_PATHS = (
					"$(inherited)",
					"@executable_path/Frameworks",
				);
				MARKETING_VERSION = 1.0;
				PRODUCT_BUNDLE_IDENTIFIER = com.sturdysturge.TDDCalculator;
				PRODUCT_NAME = "$(TARGET_NAME)";
				SWIFT_EMIT_LOC_STRINGS = YES;
				SWIFT_VERSION = 5.0;
				TARGETED_DEVICE_FAMILY = "1,2";
			};
			name = Debug;
		};
		41250836273717A300990E24 /* Release */ = {
			isa = XCBuildConfiguration;
			buildSettings = {
				ASSETCATALOG_COMPILER_APPICON_NAME = AppIcon;
				ASSETCATALOG_COMPILER_GLOBAL_ACCENT_COLOR_NAME = AccentColor;
				CODE_SIGN_STYLE = Automatic;
				CURRENT_PROJECT_VERSION = 1;
				DEVELOPMENT_ASSET_PATHS = "\"TDDCalculator/Preview Content\"";
				DEVELOPMENT_TEAM = G3J2MVF9M9;
				ENABLE_PREVIEWS = YES;
				GENERATE_INFOPLIST_FILE = YES;
				INFOPLIST_KEY_UIApplicationSceneManifest_Generation = YES;
				INFOPLIST_KEY_UIApplicationSupportsIndirectInputEvents = YES;
				INFOPLIST_KEY_UILaunchScreen_Generation = YES;
				INFOPLIST_KEY_UISupportedInterfaceOrientations_iPad = "UIInterfaceOrientationPortrait UIInterfaceOrientationPortraitUpsideDown UIInterfaceOrientationLandscapeLeft UIInterfaceOrientationLandscapeRight";
				INFOPLIST_KEY_UISupportedInterfaceOrientations_iPhone = "UIInterfaceOrientationPortrait UIInterfaceOrientationLandscapeLeft UIInterfaceOrientationLandscapeRight";
				LD_RUNPATH_SEARCH_PATHS = (
					"$(inherited)",
					"@executable_path/Frameworks",
				);
				MARKETING_VERSION = 1.0;
				PRODUCT_BUNDLE_IDENTIFIER = com.sturdysturge.TDDCalculator;
				PRODUCT_NAME = "$(TARGET_NAME)";
				SWIFT_EMIT_LOC_STRINGS = YES;
				SWIFT_VERSION = 5.0;
				TARGETED_DEVICE_FAMILY = "1,2";
			};
			name = Release;
		};
		412508442737181300990E24 /* Debug */ = {
			isa = XCBuildConfiguration;
			buildSettings = {
				CODE_SIGN_STYLE = Automatic;
				CURRENT_PROJECT_VERSION = 1;
				DEVELOPMENT_TEAM = G3J2MVF9M9;
				GENERATE_INFOPLIST_FILE = YES;
				LD_RUNPATH_SEARCH_PATHS = (
					"$(inherited)",
					"@executable_path/Frameworks",
					"@loader_path/Frameworks",
				);
				MARKETING_VERSION = 1.0;
				PRODUCT_BUNDLE_IDENTIFIER = com.sturdysturge.TDDCalculatorUITests;
				PRODUCT_NAME = "$(TARGET_NAME)";
				SWIFT_EMIT_LOC_STRINGS = NO;
				SWIFT_VERSION = 5.0;
				TARGETED_DEVICE_FAMILY = "1,2";
				TEST_TARGET_NAME = TDDCalculator;
			};
			name = Debug;
		};
		412508452737181300990E24 /* Release */ = {
			isa = XCBuildConfiguration;
			buildSettings = {
				CODE_SIGN_STYLE = Automatic;
				CURRENT_PROJECT_VERSION = 1;
				DEVELOPMENT_TEAM = G3J2MVF9M9;
				GENERATE_INFOPLIST_FILE = YES;
				LD_RUNPATH_SEARCH_PATHS = (
					"$(inherited)",
					"@executable_path/Frameworks",
					"@loader_path/Frameworks",
				);
				MARKETING_VERSION = 1.0;
				PRODUCT_BUNDLE_IDENTIFIER = com.sturdysturge.TDDCalculatorUITests;
				PRODUCT_NAME = "$(TARGET_NAME)";
				SWIFT_EMIT_LOC_STRINGS = NO;
				SWIFT_VERSION = 5.0;
				TARGETED_DEVICE_FAMILY = "1,2";
				TEST_TARGET_NAME = TDDCalculator;
			};
			name = Release;
		};
		41250851273721B700990E24 /* Debug */ = {
			isa = XCBuildConfiguration;
			buildSettings = {
				BUNDLE_LOADER = "$(TEST_HOST)";
				CODE_SIGN_STYLE = Automatic;
				CURRENT_PROJECT_VERSION = 1;
				DEVELOPMENT_TEAM = G3J2MVF9M9;
				GENERATE_INFOPLIST_FILE = YES;
				LD_RUNPATH_SEARCH_PATHS = (
					"$(inherited)",
					"@executable_path/Frameworks",
					"@loader_path/Frameworks",
				);
				MARKETING_VERSION = 1.0;
				PRODUCT_BUNDLE_IDENTIFIER = com.example.TDDCalculatorTests;
				PRODUCT_NAME = "$(TARGET_NAME)";
				SWIFT_EMIT_LOC_STRINGS = NO;
				SWIFT_VERSION = 5.0;
				TARGETED_DEVICE_FAMILY = "1,2";
				TEST_HOST = "$(BUILT_PRODUCTS_DIR)/TDDCalculator.app/TDDCalculator";
			};
			name = Debug;
		};
		41250852273721B700990E24 /* Release */ = {
			isa = XCBuildConfiguration;
			buildSettings = {
				BUNDLE_LOADER = "$(TEST_HOST)";
				CODE_SIGN_STYLE = Automatic;
				CURRENT_PROJECT_VERSION = 1;
				DEVELOPMENT_TEAM = G3J2MVF9M9;
				GENERATE_INFOPLIST_FILE = YES;
				LD_RUNPATH_SEARCH_PATHS = (
					"$(inherited)",
					"@executable_path/Frameworks",
					"@loader_path/Frameworks",
				);
				MARKETING_VERSION = 1.0;
				PRODUCT_BUNDLE_IDENTIFIER = com.example.TDDCalculatorTests;
				PRODUCT_NAME = "$(TARGET_NAME)";
				SWIFT_EMIT_LOC_STRINGS = NO;
				SWIFT_VERSION = 5.0;
				TARGETED_DEVICE_FAMILY = "1,2";
				TEST_HOST = "$(BUILT_PRODUCTS_DIR)/TDDCalculator.app/TDDCalculator";
			};
			name = Release;
		};
/* End XCBuildConfiguration section */

/* Begin XCConfigurationList section */
		41250821273717A100990E24 /* Build configuration list for PBXProject "TDDCalculator" */ = {
			isa = XCConfigurationList;
			buildConfigurations = (
				41250832273717A300990E24 /* Debug */,
				41250833273717A300990E24 /* Release */,
			);
			defaultConfigurationIsVisible = 0;
			defaultConfigurationName = Release;
		};
		41250834273717A300990E24 /* Build configuration list for PBXNativeTarget "TDDCalculator" */ = {
			isa = XCConfigurationList;
			buildConfigurations = (
				41250835273717A300990E24 /* Debug */,
				41250836273717A300990E24 /* Release */,
			);
			defaultConfigurationIsVisible = 0;
			defaultConfigurationName = Release;
		};
		412508432737181300990E24 /* Build configuration list for PBXNativeTarget "TDDCalculatorUITests" */ = {
			isa = XCConfigurationList;
			buildConfigurations = (
				412508442737181300990E24 /* Debug */,
				412508452737181300990E24 /* Release */,
			);
			defaultConfigurationIsVisible = 0;
			defaultConfigurationName = Release;
		};
		41250850273721B700990E24 /* Build configuration list for PBXNativeTarget "TDDCalculatorTests" */ = {
			isa = XCConfigurationList;
			buildConfigurations = (
				41250851273721B700990E24 /* Debug */,
				41250852273721B700990E24 /* Release */,
			);
			defaultConfigurationIsVisible = 0;
			defaultConfigurationName = Release;
		};
/* End XCConfigurationList section */
	};
	rootObject = 4125081E273717A100990E24 /* Project object */;
}
